// !$*UTF8*$!
{
	archiveVersion = 1;
	classes = {
	};
	objectVersion = 50;
	objects = {

/* Begin PBXBuildFile section */
		5C55DF9523DB5601006D7FF3 /* AppDelegate.swift in Sources */ = {isa = PBXBuildFile; fileRef = 5C55DF9423DB5601006D7FF3 /* AppDelegate.swift */; };
		5C55DF9723DB5601006D7FF3 /* ToolTableViewController.swift in Sources */ = {isa = PBXBuildFile; fileRef = 5C55DF9623DB5601006D7FF3 /* ToolTableViewController.swift */; };
		5C55DF9923DB5601006D7FF3 /* LoginViewController.swift in Sources */ = {isa = PBXBuildFile; fileRef = 5C55DF9823DB5601006D7FF3 /* LoginViewController.swift */; };
		5C55DF9C23DB5601006D7FF3 /* Main.storyboard in Resources */ = {isa = PBXBuildFile; fileRef = 5C55DF9A23DB5601006D7FF3 /* Main.storyboard */; };
		5C55DF9E23DB5602006D7FF3 /* Assets.xcassets in Resources */ = {isa = PBXBuildFile; fileRef = 5C55DF9D23DB5602006D7FF3 /* Assets.xcassets */; };
		5C55DFA123DB5602006D7FF3 /* LaunchScreen.storyboard in Resources */ = {isa = PBXBuildFile; fileRef = 5C55DF9F23DB5602006D7FF3 /* LaunchScreen.storyboard */; };
		5C55DFAC23DB5602006D7FF3 /* TestAppTests.swift in Sources */ = {isa = PBXBuildFile; fileRef = 5C55DFAB23DB5602006D7FF3 /* TestAppTests.swift */; };
		5C55DFB723DB5602006D7FF3 /* TestAppUITests.swift in Sources */ = {isa = PBXBuildFile; fileRef = 5C55DFB623DB5602006D7FF3 /* TestAppUITests.swift */; };
		5C6F8D2323DBEF92009A877C /* ToolTableViewCell.swift in Sources */ = {isa = PBXBuildFile; fileRef = 5C6F8D2223DBEF92009A877C /* ToolTableViewCell.swift */; };
		5C6F8D2523DBF2A8009A877C /* Tool.swift in Sources */ = {isa = PBXBuildFile; fileRef = 5C6F8D2423DBF2A8009A877C /* Tool.swift */; };
		5C6F8D2723DBFDB7009A877C /* ToolJSONHandler.swift in Sources */ = {isa = PBXBuildFile; fileRef = 5C6F8D2623DBFDB7009A877C /* ToolJSONHandler.swift */; };
		5C6F8D2923DC07C3009A877C /* tools.json in Resources */ = {isa = PBXBuildFile; fileRef = 5C6F8D2823DC07C3009A877C /* tools.json */; };
/* End PBXBuildFile section */

/* Begin PBXContainerItemProxy section */
		5C55DFA823DB5602006D7FF3 /* PBXContainerItemProxy */ = {
			isa = PBXContainerItemProxy;
			containerPortal = 5C55DF8923DB5601006D7FF3 /* Project object */;
			proxyType = 1;
			remoteGlobalIDString = 5C55DF9023DB5601006D7FF3;
			remoteInfo = TestApp;
		};
		5C55DFB323DB5602006D7FF3 /* PBXContainerItemProxy */ = {
			isa = PBXContainerItemProxy;
			containerPortal = 5C55DF8923DB5601006D7FF3 /* Project object */;
			proxyType = 1;
			remoteGlobalIDString = 5C55DF9023DB5601006D7FF3;
			remoteInfo = TestApp;
		};
/* End PBXContainerItemProxy section */

/* Begin PBXFileReference section */
		5C55DF9123DB5601006D7FF3 /* TestApp.app */ = {isa = PBXFileReference; explicitFileType = wrapper.application; includeInIndex = 0; path = TestApp.app; sourceTree = BUILT_PRODUCTS_DIR; };
		5C55DF9423DB5601006D7FF3 /* AppDelegate.swift */ = {isa = PBXFileReference; lastKnownFileType = sourcecode.swift; path = AppDelegate.swift; sourceTree = "<group>"; };
		5C55DF9623DB5601006D7FF3 /* ToolTableViewController.swift */ = {isa = PBXFileReference; lastKnownFileType = sourcecode.swift; path = ToolTableViewController.swift; sourceTree = "<group>"; };
		5C55DF9823DB5601006D7FF3 /* LoginViewController.swift */ = {isa = PBXFileReference; lastKnownFileType = sourcecode.swift; path = LoginViewController.swift; sourceTree = "<group>"; };
		5C55DF9B23DB5601006D7FF3 /* Base */ = {isa = PBXFileReference; lastKnownFileType = file.storyboard; name = Base; path = Base.lproj/Main.storyboard; sourceTree = "<group>"; };
		5C55DF9D23DB5602006D7FF3 /* Assets.xcassets */ = {isa = PBXFileReference; lastKnownFileType = folder.assetcatalog; path = Assets.xcassets; sourceTree = "<group>"; };
		5C55DFA023DB5602006D7FF3 /* Base */ = {isa = PBXFileReference; lastKnownFileType = file.storyboard; name = Base; path = Base.lproj/LaunchScreen.storyboard; sourceTree = "<group>"; };
		5C55DFA223DB5602006D7FF3 /* Info.plist */ = {isa = PBXFileReference; lastKnownFileType = text.plist.xml; path = Info.plist; sourceTree = "<group>"; };
		5C55DFA723DB5602006D7FF3 /* TestAppTests.xctest */ = {isa = PBXFileReference; explicitFileType = wrapper.cfbundle; includeInIndex = 0; path = TestAppTests.xctest; sourceTree = BUILT_PRODUCTS_DIR; };
		5C55DFAB23DB5602006D7FF3 /* TestAppTests.swift */ = {isa = PBXFileReference; lastKnownFileType = sourcecode.swift; path = TestAppTests.swift; sourceTree = "<group>"; };
		5C55DFAD23DB5602006D7FF3 /* Info.plist */ = {isa = PBXFileReference; lastKnownFileType = text.plist.xml; path = Info.plist; sourceTree = "<group>"; };
		5C55DFB223DB5602006D7FF3 /* TestAppUITests.xctest */ = {isa = PBXFileReference; explicitFileType = wrapper.cfbundle; includeInIndex = 0; path = TestAppUITests.xctest; sourceTree = BUILT_PRODUCTS_DIR; };
		5C55DFB623DB5602006D7FF3 /* TestAppUITests.swift */ = {isa = PBXFileReference; lastKnownFileType = sourcecode.swift; path = TestAppUITests.swift; sourceTree = "<group>"; };
		5C55DFB823DB5602006D7FF3 /* Info.plist */ = {isa = PBXFileReference; lastKnownFileType = text.plist.xml; path = Info.plist; sourceTree = "<group>"; };
		5C6F8D2223DBEF92009A877C /* ToolTableViewCell.swift */ = {isa = PBXFileReference; lastKnownFileType = sourcecode.swift; path = ToolTableViewCell.swift; sourceTree = "<group>"; };
		5C6F8D2423DBF2A8009A877C /* Tool.swift */ = {isa = PBXFileReference; lastKnownFileType = sourcecode.swift; path = Tool.swift; sourceTree = "<group>"; };
		5C6F8D2623DBFDB7009A877C /* ToolJSONHandler.swift */ = {isa = PBXFileReference; lastKnownFileType = sourcecode.swift; path = ToolJSONHandler.swift; sourceTree = "<group>"; };
		5C6F8D2823DC07C3009A877C /* tools.json */ = {isa = PBXFileReference; fileEncoding = 4; lastKnownFileType = text.json; path = tools.json; sourceTree = "<group>"; };
/* End PBXFileReference section */

/* Begin PBXFrameworksBuildPhase section */
		5C55DF8E23DB5601006D7FF3 /* Frameworks */ = {
			isa = PBXFrameworksBuildPhase;
			buildActionMask = 2147483647;
			files = (
			);
			runOnlyForDeploymentPostprocessing = 0;
		};
		5C55DFA423DB5602006D7FF3 /* Frameworks */ = {
			isa = PBXFrameworksBuildPhase;
			buildActionMask = 2147483647;
			files = (
			);
			runOnlyForDeploymentPostprocessing = 0;
		};
		5C55DFAF23DB5602006D7FF3 /* Frameworks */ = {
			isa = PBXFrameworksBuildPhase;
			buildActionMask = 2147483647;
			files = (
			);
			runOnlyForDeploymentPostprocessing = 0;
		};
/* End PBXFrameworksBuildPhase section */

/* Begin PBXGroup section */
		5C55DF8823DB5601006D7FF3 = {
			isa = PBXGroup;
			children = (
				5C55DF9323DB5601006D7FF3 /* TestApp */,
				5C55DFAA23DB5602006D7FF3 /* TestAppTests */,
				5C55DFB523DB5602006D7FF3 /* TestAppUITests */,
				5C55DF9223DB5601006D7FF3 /* Products */,
			);
			sourceTree = "<group>";
		};
		5C55DF9223DB5601006D7FF3 /* Products */ = {
			isa = PBXGroup;
			children = (
				5C55DF9123DB5601006D7FF3 /* TestApp.app */,
				5C55DFA723DB5602006D7FF3 /* TestAppTests.xctest */,
				5C55DFB223DB5602006D7FF3 /* TestAppUITests.xctest */,
			);
			name = Products;
			sourceTree = "<group>";
		};
		5C55DF9323DB5601006D7FF3 /* TestApp */ = {
			isa = PBXGroup;
			children = (
				5C55DF9423DB5601006D7FF3 /* AppDelegate.swift */,
				5C55DF9823DB5601006D7FF3 /* LoginViewController.swift */,
				5C55DF9623DB5601006D7FF3 /* ToolTableViewController.swift */,
				5C55DF9A23DB5601006D7FF3 /* Main.storyboard */,
				5C55DF9D23DB5602006D7FF3 /* Assets.xcassets */,
				5C55DF9F23DB5602006D7FF3 /* LaunchScreen.storyboard */,
				5C55DFA223DB5602006D7FF3 /* Info.plist */,
				5C6F8D2823DC07C3009A877C /* tools.json */,
				5C6F8D2223DBEF92009A877C /* ToolTableViewCell.swift */,
				5C6F8D2423DBF2A8009A877C /* Tool.swift */,
				5C6F8D2623DBFDB7009A877C /* ToolJSONHandler.swift */,
			);
			path = TestApp;
			sourceTree = "<group>";
		};
		5C55DFAA23DB5602006D7FF3 /* TestAppTests */ = {
			isa = PBXGroup;
			children = (
				5C55DFAB23DB5602006D7FF3 /* TestAppTests.swift */,
				5C55DFAD23DB5602006D7FF3 /* Info.plist */,
			);
			path = TestAppTests;
			sourceTree = "<group>";
		};
		5C55DFB523DB5602006D7FF3 /* TestAppUITests */ = {
			isa = PBXGroup;
			children = (
				5C55DFB623DB5602006D7FF3 /* TestAppUITests.swift */,
				5C55DFB823DB5602006D7FF3 /* Info.plist */,
			);
			path = TestAppUITests;
			sourceTree = "<group>";
		};
/* End PBXGroup section */

/* Begin PBXNativeTarget section */
		5C55DF9023DB5601006D7FF3 /* TestApp */ = {
			isa = PBXNativeTarget;
			buildConfigurationList = 5C55DFBB23DB5602006D7FF3 /* Build configuration list for PBXNativeTarget "TestApp" */;
			buildPhases = (
				5C55DF8D23DB5601006D7FF3 /* Sources */,
				5C55DF8E23DB5601006D7FF3 /* Frameworks */,
				5C55DF8F23DB5601006D7FF3 /* Resources */,
			);
			buildRules = (
			);
			dependencies = (
			);
			name = TestApp;
			productName = TestApp;
			productReference = 5C55DF9123DB5601006D7FF3 /* TestApp.app */;
			productType = "com.apple.product-type.application";
		};
		5C55DFA623DB5602006D7FF3 /* TestAppTests */ = {
			isa = PBXNativeTarget;
			buildConfigurationList = 5C55DFBE23DB5602006D7FF3 /* Build configuration list for PBXNativeTarget "TestAppTests" */;
			buildPhases = (
				5C55DFA323DB5602006D7FF3 /* Sources */,
				5C55DFA423DB5602006D7FF3 /* Frameworks */,
				5C55DFA523DB5602006D7FF3 /* Resources */,
			);
			buildRules = (
			);
			dependencies = (
				5C55DFA923DB5602006D7FF3 /* PBXTargetDependency */,
			);
			name = TestAppTests;
			productName = TestAppTests;
			productReference = 5C55DFA723DB5602006D7FF3 /* TestAppTests.xctest */;
			productType = "com.apple.product-type.bundle.unit-test";
		};
		5C55DFB123DB5602006D7FF3 /* TestAppUITests */ = {
			isa = PBXNativeTarget;
			buildConfigurationList = 5C55DFC123DB5602006D7FF3 /* Build configuration list for PBXNativeTarget "TestAppUITests" */;
			buildPhases = (
				5C55DFAE23DB5602006D7FF3 /* Sources */,
				5C55DFAF23DB5602006D7FF3 /* Frameworks */,
				5C55DFB023DB5602006D7FF3 /* Resources */,
			);
			buildRules = (
			);
			dependencies = (
				5C55DFB423DB5602006D7FF3 /* PBXTargetDependency */,
			);
			name = TestAppUITests;
			productName = TestAppUITests;
			productReference = 5C55DFB223DB5602006D7FF3 /* TestAppUITests.xctest */;
			productType = "com.apple.product-type.bundle.ui-testing";
		};
/* End PBXNativeTarget section */

/* Begin PBXProject section */
		5C55DF8923DB5601006D7FF3 /* Project object */ = {
			isa = PBXProject;
			attributes = {
				LastSwiftUpdateCheck = 1000;
				LastUpgradeCheck = 1000;
				ORGANIZATIONNAME = "Oconnell, Madeline";
				TargetAttributes = {
					5C55DF9023DB5601006D7FF3 = {
						CreatedOnToolsVersion = 10.0;
					};
					5C55DFA623DB5602006D7FF3 = {
						CreatedOnToolsVersion = 10.0;
						TestTargetID = 5C55DF9023DB5601006D7FF3;
					};
					5C55DFB123DB5602006D7FF3 = {
						CreatedOnToolsVersion = 10.0;
						TestTargetID = 5C55DF9023DB5601006D7FF3;
					};
				};
			};
			buildConfigurationList = 5C55DF8C23DB5601006D7FF3 /* Build configuration list for PBXProject "TestApp" */;
			compatibilityVersion = "Xcode 9.3";
			developmentRegion = en;
			hasScannedForEncodings = 0;
			knownRegions = (
				en,
				Base,
			);
			mainGroup = 5C55DF8823DB5601006D7FF3;
			productRefGroup = 5C55DF9223DB5601006D7FF3 /* Products */;
			projectDirPath = "";
			projectRoot = "";
			targets = (
				5C55DF9023DB5601006D7FF3 /* TestApp */,
				5C55DFA623DB5602006D7FF3 /* TestAppTests */,
				5C55DFB123DB5602006D7FF3 /* TestAppUITests */,
			);
		};
/* End PBXProject section */

/* Begin PBXResourcesBuildPhase section */
		5C55DF8F23DB5601006D7FF3 /* Resources */ = {
			isa = PBXResourcesBuildPhase;
			buildActionMask = 2147483647;
			files = (
				5C55DFA123DB5602006D7FF3 /* LaunchScreen.storyboard in Resources */,
				5C55DF9E23DB5602006D7FF3 /* Assets.xcassets in Resources */,
				5C55DF9C23DB5601006D7FF3 /* Main.storyboard in Resources */,
				5C6F8D2923DC07C3009A877C /* tools.json in Resources */,
			);
			runOnlyForDeploymentPostprocessing = 0;
		};
		5C55DFA523DB5602006D7FF3 /* Resources */ = {
			isa = PBXResourcesBuildPhase;
			buildActionMask = 2147483647;
			files = (
			);
			runOnlyForDeploymentPostprocessing = 0;
		};
		5C55DFB023DB5602006D7FF3 /* Resources */ = {
			isa = PBXResourcesBuildPhase;
			buildActionMask = 2147483647;
			files = (
			);
			runOnlyForDeploymentPostprocessing = 0;
		};
/* End PBXResourcesBuildPhase section */

/* Begin PBXSourcesBuildPhase section */
		5C55DF8D23DB5601006D7FF3 /* Sources */ = {
			isa = PBXSourcesBuildPhase;
			buildActionMask = 2147483647;
			files = (
				5C55DF9923DB5601006D7FF3 /* LoginViewController.swift in Sources */,
				5C55DF9523DB5601006D7FF3 /* AppDelegate.swift in Sources */,
				5C55DF9723DB5601006D7FF3 /* ToolTableViewController.swift in Sources */,
				5C6F8D2723DBFDB7009A877C /* ToolJSONHandler.swift in Sources */,
				5C6F8D2523DBF2A8009A877C /* Tool.swift in Sources */,
				5C6F8D2323DBEF92009A877C /* ToolTableViewCell.swift in Sources */,
			);
			runOnlyForDeploymentPostprocessing = 0;
		};
		5C55DFA323DB5602006D7FF3 /* Sources */ = {
			isa = PBXSourcesBuildPhase;
			buildActionMask = 2147483647;
			files = (
				5C55DFAC23DB5602006D7FF3 /* TestAppTests.swift in Sources */,
			);
			runOnlyForDeploymentPostprocessing = 0;
		};
		5C55DFAE23DB5602006D7FF3 /* Sources */ = {
			isa = PBXSourcesBuildPhase;
			buildActionMask = 2147483647;
			files = (
				5C55DFB723DB5602006D7FF3 /* TestAppUITests.swift in Sources */,
			);
			runOnlyForDeploymentPostprocessing = 0;
		};
/* End PBXSourcesBuildPhase section */

/* Begin PBXTargetDependency section */
		5C55DFA923DB5602006D7FF3 /* PBXTargetDependency */ = {
			isa = PBXTargetDependency;
			target = 5C55DF9023DB5601006D7FF3 /* TestApp */;
			targetProxy = 5C55DFA823DB5602006D7FF3 /* PBXContainerItemProxy */;
		};
		5C55DFB423DB5602006D7FF3 /* PBXTargetDependency */ = {
			isa = PBXTargetDependency;
			target = 5C55DF9023DB5601006D7FF3 /* TestApp */;
			targetProxy = 5C55DFB323DB5602006D7FF3 /* PBXContainerItemProxy */;
		};
/* End PBXTargetDependency section */

/* Begin PBXVariantGroup section */
		5C55DF9A23DB5601006D7FF3 /* Main.storyboard */ = {
			isa = PBXVariantGroup;
			children = (
				5C55DF9B23DB5601006D7FF3 /* Base */,
			);
			name = Main.storyboard;
			sourceTree = "<group>";
		};
		5C55DF9F23DB5602006D7FF3 /* LaunchScreen.storyboard */ = {
			isa = PBXVariantGroup;
			children = (
				5C55DFA023DB5602006D7FF3 /* Base */,
			);
			name = LaunchScreen.storyboard;
			sourceTree = "<group>";
		};
/* End PBXVariantGroup section */

/* Begin XCBuildConfiguration section */
		5C55DFB923DB5602006D7FF3 /* Debug */ = {
			isa = XCBuildConfiguration;
			buildSettings = {
				ALWAYS_SEARCH_USER_PATHS = NO;
				CLANG_ANALYZER_NONNULL = YES;
				CLANG_ANALYZER_NUMBER_OBJECT_CONVERSION = YES_AGGRESSIVE;
				CLANG_CXX_LANGUAGE_STANDARD = "gnu++14";
				CLANG_CXX_LIBRARY = "libc++";
				CLANG_ENABLE_MODULES = YES;
				CLANG_ENABLE_OBJC_ARC = YES;
				CLANG_ENABLE_OBJC_WEAK = YES;
				CLANG_WARN_BLOCK_CAPTURE_AUTORELEASING = YES;
				CLANG_WARN_BOOL_CONVERSION = YES;
				CLANG_WARN_COMMA = YES;
				CLANG_WARN_CONSTANT_CONVERSION = YES;
				CLANG_WARN_DEPRECATED_OBJC_IMPLEMENTATIONS = YES;
				CLANG_WARN_DIRECT_OBJC_ISA_USAGE = YES_ERROR;
				CLANG_WARN_DOCUMENTATION_COMMENTS = YES;
				CLANG_WARN_EMPTY_BODY = YES;
				CLANG_WARN_ENUM_CONVERSION = YES;
				CLANG_WARN_INFINITE_RECURSION = YES;
				CLANG_WARN_INT_CONVERSION = YES;
				CLANG_WARN_NON_LITERAL_NULL_CONVERSION = YES;
				CLANG_WARN_OBJC_IMPLICIT_RETAIN_SELF = YES;
				CLANG_WARN_OBJC_LITERAL_CONVERSION = YES;
				CLANG_WARN_OBJC_ROOT_CLASS = YES_ERROR;
				CLANG_WARN_RANGE_LOOP_ANALYSIS = YES;
				CLANG_WARN_STRICT_PROTOTYPES = YES;
				CLANG_WARN_SUSPICIOUS_MOVE = YES;
				CLANG_WARN_UNGUARDED_AVAILABILITY = YES_AGGRESSIVE;
				CLANG_WARN_UNREACHABLE_CODE = YES;
				CLANG_WARN__DUPLICATE_METHOD_MATCH = YES;
				CODE_SIGN_IDENTITY = "iPhone Developer";
				COPY_PHASE_STRIP = NO;
				DEBUG_INFORMATION_FORMAT = dwarf;
				ENABLE_STRICT_OBJC_MSGSEND = YES;
				ENABLE_TESTABILITY = YES;
				GCC_C_LANGUAGE_STANDARD = gnu11;
				GCC_DYNAMIC_NO_PIC = NO;
				GCC_NO_COMMON_BLOCKS = YES;
				GCC_OPTIMIZATION_LEVEL = 0;
				GCC_PREPROCESSOR_DEFINITIONS = (
					"DEBUG=1",
					"$(inherited)",
				);
				GCC_WARN_64_TO_32_BIT_CONVERSION = YES;
				GCC_WARN_ABOUT_RETURN_TYPE = YES_ERROR;
				GCC_WARN_UNDECLARED_SELECTOR = YES;
				GCC_WARN_UNINITIALIZED_AUTOS = YES_AGGRESSIVE;
				GCC_WARN_UNUSED_FUNCTION = YES;
				GCC_WARN_UNUSED_VARIABLE = YES;
				IPHONEOS_DEPLOYMENT_TARGET = 12.0;
				MTL_ENABLE_DEBUG_INFO = INCLUDE_SOURCE;
				MTL_FAST_MATH = YES;
				ONLY_ACTIVE_ARCH = YES;
				SDKROOT = iphoneos;
				SWIFT_ACTIVE_COMPILATION_CONDITIONS = DEBUG;
				SWIFT_OPTIMIZATION_LEVEL = "-Onone";
			};
			name = Debug;
		};
		5C55DFBA23DB5602006D7FF3 /* Release */ = {
			isa = XCBuildConfiguration;
			buildSettings = {
				ALWAYS_SEARCH_USER_PATHS = NO;
				CLANG_ANALYZER_NONNULL = YES;
				CLANG_ANALYZER_NUMBER_OBJECT_CONVERSION = YES_AGGRESSIVE;
				CLANG_CXX_LANGUAGE_STANDARD = "gnu++14";
				CLANG_CXX_LIBRARY = "libc++";
				CLANG_ENABLE_MODULES = YES;
				CLANG_ENABLE_OBJC_ARC = YES;
				CLANG_ENABLE_OBJC_WEAK = YES;
				CLANG_WARN_BLOCK_CAPTURE_AUTORELEASING = YES;
				CLANG_WARN_BOOL_CONVERSION = YES;
				CLANG_WARN_COMMA = YES;
				CLANG_WARN_CONSTANT_CONVERSION = YES;
				CLANG_WARN_DEPRECATED_OBJC_IMPLEMENTATIONS = YES;
				CLANG_WARN_DIRECT_OBJC_ISA_USAGE = YES_ERROR;
				CLANG_WARN_DOCUMENTATION_COMMENTS = YES;
				CLANG_WARN_EMPTY_BODY = YES;
				CLANG_WARN_ENUM_CONVERSION = YES;
				CLANG_WARN_INFINITE_RECURSION = YES;
				CLANG_WARN_INT_CONVERSION = YES;
				CLANG_WARN_NON_LITERAL_NULL_CONVERSION = YES;
				CLANG_WARN_OBJC_IMPLICIT_RETAIN_SELF = YES;
				CLANG_WARN_OBJC_LITERAL_CONVERSION = YES;
				CLANG_WARN_OBJC_ROOT_CLASS = YES_ERROR;
				CLANG_WARN_RANGE_LOOP_ANALYSIS = YES;
				CLANG_WARN_STRICT_PROTOTYPES = YES;
				CLANG_WARN_SUSPICIOUS_MOVE = YES;
				CLANG_WARN_UNGUARDED_AVAILABILITY = YES_AGGRESSIVE;
				CLANG_WARN_UNREACHABLE_CODE = YES;
				CLANG_WARN__DUPLICATE_METHOD_MATCH = YES;
				CODE_SIGN_IDENTITY = "iPhone Developer";
				COPY_PHASE_STRIP = NO;
				DEBUG_INFORMATION_FORMAT = "dwarf-with-dsym";
				ENABLE_NS_ASSERTIONS = NO;
				ENABLE_STRICT_OBJC_MSGSEND = YES;
				GCC_C_LANGUAGE_STANDARD = gnu11;
				GCC_NO_COMMON_BLOCKS = YES;
				GCC_WARN_64_TO_32_BIT_CONVERSION = YES;
				GCC_WARN_ABOUT_RETURN_TYPE = YES_ERROR;
				GCC_WARN_UNDECLARED_SELECTOR = YES;
				GCC_WARN_UNINITIALIZED_AUTOS = YES_AGGRESSIVE;
				GCC_WARN_UNUSED_FUNCTION = YES;
				GCC_WARN_UNUSED_VARIABLE = YES;
				IPHONEOS_DEPLOYMENT_TARGET = 12.0;
				MTL_ENABLE_DEBUG_INFO = NO;
				MTL_FAST_MATH = YES;
				SDKROOT = iphoneos;
				SWIFT_COMPILATION_MODE = wholemodule;
				SWIFT_OPTIMIZATION_LEVEL = "-O";
				VALIDATE_PRODUCT = YES;
			};
			name = Release;
		};
		5C55DFBC23DB5602006D7FF3 /* Debug */ = {
			isa = XCBuildConfiguration;
			buildSettings = {
				ASSETCATALOG_COMPILER_APPICON_NAME = AppIcon;
				CODE_SIGN_STYLE = Automatic;
				DEVELOPMENT_TEAM = 8YG2XY3FQW;
				INFOPLIST_FILE = TestApp/Info.plist;
				LD_RUNPATH_SEARCH_PATHS = (
					"$(inherited)",
					"@executable_path/Frameworks",
				);
				PRODUCT_BUNDLE_IDENTIFIER = maddie.TestApp;
				PRODUCT_NAME = "$(TARGET_NAME)";
				SWIFT_VERSION = 4.2;
				TARGETED_DEVICE_FAMILY = "1,2";
			};
			name = Debug;
		};
		5C55DFBD23DB5602006D7FF3 /* Release */ = {
			isa = XCBuildConfiguration;
			buildSettings = {
				ASSETCATALOG_COMPILER_APPICON_NAME = AppIcon;
				CODE_SIGN_STYLE = Automatic;
				DEVELOPMENT_TEAM = 8YG2XY3FQW;
				INFOPLIST_FILE = TestApp/Info.plist;
				LD_RUNPATH_SEARCH_PATHS = (
					"$(inherited)",
					"@executable_path/Frameworks",
				);
				PRODUCT_BUNDLE_IDENTIFIER = maddie.TestApp;
				PRODUCT_NAME = "$(TARGET_NAME)";
				SWIFT_VERSION = 4.2;
				TARGETED_DEVICE_FAMILY = "1,2";
			};
			name = Release;
		};
		5C55DFBF23DB5602006D7FF3 /* Debug */ = {
			isa = XCBuildConfiguration;
			buildSettings = {
				ALWAYS_EMBED_SWIFT_STANDARD_LIBRARIES = YES;
				BUNDLE_LOADER = "$(TEST_HOST)";
				CODE_SIGN_STYLE = Automatic;
				INFOPLIST_FILE = TestAppTests/Info.plist;
				LD_RUNPATH_SEARCH_PATHS = (
					"$(inherited)",
					"@executable_path/Frameworks",
					"@loader_path/Frameworks",
				);
				PRODUCT_BUNDLE_IDENTIFIER = maddie.TestAppTests;
				PRODUCT_NAME = "$(TARGET_NAME)";
				SWIFT_VERSION = 4.2;
				TARGETED_DEVICE_FAMILY = "1,2";
				TEST_HOST = "$(BUILT_PRODUCTS_DIR)/TestApp.app/TestApp";
			};
			name = Debug;
		};
		5C55DFC023DB5602006D7FF3 /* Release */ = {
			isa = XCBuildConfiguration;
			buildSettings = {
				ALWAYS_EMBED_SWIFT_STANDARD_LIBRARIES = YES;
				BUNDLE_LOADER = "$(TEST_HOST)";
				CODE_SIGN_STYLE = Automatic;
				INFOPLIST_FILE = TestAppTests/Info.plist;
				LD_RUNPATH_SEARCH_PATHS = (
					"$(inherited)",
					"@executable_path/Frameworks",
					"@loader_path/Frameworks",
				);
				PRODUCT_BUNDLE_IDENTIFIER = maddie.TestAppTests;
				PRODUCT_NAME = "$(TARGET_NAME)";
				SWIFT_VERSION = 4.2;
				TARGETED_DEVICE_FAMILY = "1,2";
				TEST_HOST = "$(BUILT_PRODUCTS_DIR)/TestApp.app/TestApp";
			};
			name = Release;
		};
		5C55DFC223DB5602006D7FF3 /* Debug */ = {
			isa = XCBuildConfiguration;
			buildSettings = {
				ALWAYS_EMBED_SWIFT_STANDARD_LIBRARIES = YES;
				CODE_SIGN_STYLE = Automatic;
				INFOPLIST_FILE = TestAppUITests/Info.plist;
				LD_RUNPATH_SEARCH_PATHS = (
					"$(inherited)",
					"@executable_path/Frameworks",
					"@loader_path/Frameworks",
				);
				PRODUCT_BUNDLE_IDENTIFIER = maddie.TestAppUITests;
				PRODUCT_NAME = "$(TARGET_NAME)";
				SWIFT_VERSION = 4.2;
				TARGETED_DEVICE_FAMILY = "1,2";
				TEST_TARGET_NAME = TestApp;
			};
			name = Debug;
		};
		5C55DFC323DB5602006D7FF3 /* Release */ = {
			isa = XCBuildConfiguration;
			buildSettings = {
				ALWAYS_EMBED_SWIFT_STANDARD_LIBRARIES = YES;
				CODE_SIGN_STYLE = Automatic;
				INFOPLIST_FILE = TestAppUITests/Info.plist;
				LD_RUNPATH_SEARCH_PATHS = (
					"$(inherited)",
					"@executable_path/Frameworks",
					"@loader_path/Frameworks",
				);
				PRODUCT_BUNDLE_IDENTIFIER = maddie.TestAppUITests;
				PRODUCT_NAME = "$(TARGET_NAME)";
				SWIFT_VERSION = 4.2;
				TARGETED_DEVICE_FAMILY = "1,2";
				TEST_TARGET_NAME = TestApp;
			};
			name = Release;
		};
/* End XCBuildConfiguration section */

/* Begin XCConfigurationList section */
		5C55DF8C23DB5601006D7FF3 /* Build configuration list for PBXProject "TestApp" */ = {
			isa = XCConfigurationList;
			buildConfigurations = (
				5C55DFB923DB5602006D7FF3 /* Debug */,
				5C55DFBA23DB5602006D7FF3 /* Release */,
			);
			defaultConfigurationIsVisible = 0;
			defaultConfigurationName = Release;
		};
		5C55DFBB23DB5602006D7FF3 /* Build configuration list for PBXNativeTarget "TestApp" */ = {
			isa = XCConfigurationList;
			buildConfigurations = (
				5C55DFBC23DB5602006D7FF3 /* Debug */,
				5C55DFBD23DB5602006D7FF3 /* Release */,
			);
			defaultConfigurationIsVisible = 0;
			defaultConfigurationName = Release;
		};
		5C55DFBE23DB5602006D7FF3 /* Build configuration list for PBXNativeTarget "TestAppTests" */ = {
			isa = XCConfigurationList;
			buildConfigurations = (
				5C55DFBF23DB5602006D7FF3 /* Debug */,
				5C55DFC023DB5602006D7FF3 /* Release */,
			);
			defaultConfigurationIsVisible = 0;
			defaultConfigurationName = Release;
		};
		5C55DFC123DB5602006D7FF3 /* Build configuration list for PBXNativeTarget "TestAppUITests" */ = {
			isa = XCConfigurationList;
			buildConfigurations = (
				5C55DFC223DB5602006D7FF3 /* Debug */,
				5C55DFC323DB5602006D7FF3 /* Release */,
			);
			defaultConfigurationIsVisible = 0;
			defaultConfigurationName = Release;
		};
/* End XCConfigurationList section */
	};
	rootObject = 5C55DF8923DB5601006D7FF3 /* Project object */;
}
